
Microsoft Visual Studio Solution File, Format Version 12.00
# Visual Studio Version 17
VisualStudioVersion = 17.14.36616.10 d17.14
MinimumVisualStudioVersion = 10.0.40219.1
Project("{FAE04EC0-301F-11D3-BF4B-00C04F79EFBC}") = "Stromkosten", "Stromkosten\Stromkosten.csproj", "{2012DA43-B8BB-4267-B95B-41D26D1F02EF}"
EndProject
Global
	GlobalSection(SolutionConfigurationPlatforms) = preSolution
		Debug|Any CPU = Debug|Any CPU
		Release|Any CPU = Release|Any CPU
	EndGlobalSection
	GlobalSection(ProjectConfigurationPlatforms) = postSolution
		{2012DA43-B8BB-4267-B95B-41D26D1F02EF}.Debug|Any CPU.ActiveCfg = Debug|Any CPU
		{2012DA43-B8BB-4267-B95B-41D26D1F02EF}.Debug|Any CPU.Build.0 = Debug|Any CPU
		{2012DA43-B8BB-4267-B95B-41D26D1F02EF}.Release|Any CPU.ActiveCfg = Release|Any CPU
		{2012DA43-B8BB-4267-B95B-41D26D1F02EF}.Release|Any CPU.Build.0 = Release|Any CPU
	EndGlobalSection
	GlobalSection(SolutionProperties) = preSolution
		HideSolutionNode = FALSE
	EndGlobalSection
	GlobalSection(ExtensibilityGlobals) = postSolution
		SolutionGuid = {D88FC767-0007-4D32-B03D-7D1B4F865305}
	EndGlobalSection
EndGlobal
