
Microsoft Visual Studio Solution File, Format Version 12.00
# Visual Studio Version 17
VisualStudioVersion = 17.14.36616.10 d17.14
MinimumVisualStudioVersion = 10.0.40219.1
Project("{FAE04EC0-301F-11D3-BF4B-00C04F79EFBC}") = "Flugzeug", "Flugzeug\Flugzeug.csproj", "{A95BC0DB-CB35-427D-BA07-72E3DCF508BE}"
EndProject
Global
	GlobalSection(SolutionConfigurationPlatforms) = preSolution
		Debug|Any CPU = Debug|Any CPU
		Release|Any CPU = Release|Any CPU
	EndGlobalSection
	GlobalSection(ProjectConfigurationPlatforms) = postSolution
		{A95BC0DB-CB35-427D-BA07-72E3DCF508BE}.Debug|Any CPU.ActiveCfg = Debug|Any CPU
		{A95BC0DB-CB35-427D-BA07-72E3DCF508BE}.Debug|Any CPU.Build.0 = Debug|Any CPU
		{A95BC0DB-CB35-427D-BA07-72E3DCF508BE}.Release|Any CPU.ActiveCfg = Release|Any CPU
		{A95BC0DB-CB35-427D-BA07-72E3DCF508BE}.Release|Any CPU.Build.0 = Release|Any CPU
	EndGlobalSection
	GlobalSection(SolutionProperties) = preSolution
		HideSolutionNode = FALSE
	EndGlobalSection
	GlobalSection(ExtensibilityGlobals) = postSolution
		SolutionGuid = {77964501-D6EA-4C04-89F9-CF7BA4C4ED14}
	EndGlobalSection
EndGlobal
