
Microsoft Visual Studio Solution File, Format Version 12.00
# Visual Studio Version 17
VisualStudioVersion = 17.14.36616.10 d17.14
MinimumVisualStudioVersion = 10.0.40219.1
Project("{FAE04EC0-301F-11D3-BF4B-00C04F79EFBC}") = "Aufgabe A9-2-1", "Aufgabe A9-2-1\Aufgabe A9-2-1.csproj", "{1E9D4495-E260-426C-BC01-AA10BD043F08}"
EndProject
Project("{FAE04EC0-301F-11D3-BF4B-00C04F79EFBC}") = "Aufgabe A9-2-2", "Aufgabe A9-2-2\Aufgabe A9-2-2.csproj", "{1E22F77F-52EF-4D37-B5DA-388CC9A51911}"
EndProject
Global
	GlobalSection(SolutionConfigurationPlatforms) = preSolution
		Debug|Any CPU = Debug|Any CPU
		Release|Any CPU = Release|Any CPU
	EndGlobalSection
	GlobalSection(ProjectConfigurationPlatforms) = postSolution
		{1E9D4495-E260-426C-BC01-AA10BD043F08}.Debug|Any CPU.ActiveCfg = Debug|Any CPU
		{1E9D4495-E260-426C-BC01-AA10BD043F08}.Debug|Any CPU.Build.0 = Debug|Any CPU
		{1E9D4495-E260-426C-BC01-AA10BD043F08}.Release|Any CPU.ActiveCfg = Release|Any CPU
		{1E9D4495-E260-426C-BC01-AA10BD043F08}.Release|Any CPU.Build.0 = Release|Any CPU
		{1E22F77F-52EF-4D37-B5DA-388CC9A51911}.Debug|Any CPU.ActiveCfg = Debug|Any CPU
		{1E22F77F-52EF-4D37-B5DA-388CC9A51911}.Debug|Any CPU.Build.0 = Debug|Any CPU
		{1E22F77F-52EF-4D37-B5DA-388CC9A51911}.Release|Any CPU.ActiveCfg = Release|Any CPU
		{1E22F77F-52EF-4D37-B5DA-388CC9A51911}.Release|Any CPU.Build.0 = Release|Any CPU
	EndGlobalSection
	GlobalSection(SolutionProperties) = preSolution
		HideSolutionNode = FALSE
	EndGlobalSection
	GlobalSection(ExtensibilityGlobals) = postSolution
		SolutionGuid = {01E5D847-20DF-4DE8-8678-BD9D704CED96}
	EndGlobalSection
EndGlobal
