
Microsoft Visual Studio Solution File, Format Version 12.00
# Visual Studio Version 17
VisualStudioVersion = 17.14.36616.10 d17.14
MinimumVisualStudioVersion = 10.0.40219.1
Project("{FAE04EC0-301F-11D3-BF4B-00C04F79EFBC}") = "Aufgabe A4-1-1", "Aufgabe A4-1-1\Aufgabe A4-1-1.csproj", "{DCC1C785-4235-4620-B312-446AA5E4EA4F}"
EndProject
Global
	GlobalSection(SolutionConfigurationPlatforms) = preSolution
		Debug|Any CPU = Debug|Any CPU
		Release|Any CPU = Release|Any CPU
	EndGlobalSection
	GlobalSection(ProjectConfigurationPlatforms) = postSolution
		{DCC1C785-4235-4620-B312-446AA5E4EA4F}.Debug|Any CPU.ActiveCfg = Debug|Any CPU
		{DCC1C785-4235-4620-B312-446AA5E4EA4F}.Debug|Any CPU.Build.0 = Debug|Any CPU
		{DCC1C785-4235-4620-B312-446AA5E4EA4F}.Release|Any CPU.ActiveCfg = Release|Any CPU
		{DCC1C785-4235-4620-B312-446AA5E4EA4F}.Release|Any CPU.Build.0 = Release|Any CPU
	EndGlobalSection
	GlobalSection(SolutionProperties) = preSolution
		HideSolutionNode = FALSE
	EndGlobalSection
	GlobalSection(ExtensibilityGlobals) = postSolution
		SolutionGuid = {D86615A0-6965-4CDA-BE10-8DABBC949849}
	EndGlobalSection
EndGlobal
