
Microsoft Visual Studio Solution File, Format Version 12.00
# Visual Studio Version 17
VisualStudioVersion = 17.14.36616.10 d17.14
MinimumVisualStudioVersion = 10.0.40219.1
Project("{FAE04EC0-301F-11D3-BF4B-00C04F79EFBC}") = "Aufgabe A4-2-4", "Aufgabe A4-2-4\Aufgabe A4-2-4.csproj", "{69DB4562-6655-4C2E-875E-62E6C363728A}"
EndProject
Global
	GlobalSection(SolutionConfigurationPlatforms) = preSolution
		Debug|Any CPU = Debug|Any CPU
		Release|Any CPU = Release|Any CPU
	EndGlobalSection
	GlobalSection(ProjectConfigurationPlatforms) = postSolution
		{69DB4562-6655-4C2E-875E-62E6C363728A}.Debug|Any CPU.ActiveCfg = Debug|Any CPU
		{69DB4562-6655-4C2E-875E-62E6C363728A}.Debug|Any CPU.Build.0 = Debug|Any CPU
		{69DB4562-6655-4C2E-875E-62E6C363728A}.Release|Any CPU.ActiveCfg = Release|Any CPU
		{69DB4562-6655-4C2E-875E-62E6C363728A}.Release|Any CPU.Build.0 = Release|Any CPU
	EndGlobalSection
	GlobalSection(SolutionProperties) = preSolution
		HideSolutionNode = FALSE
	EndGlobalSection
	GlobalSection(ExtensibilityGlobals) = postSolution
		SolutionGuid = {ADF944EF-5616-4FD4-BD5C-8377E08D8DFE}
	EndGlobalSection
EndGlobal
