
Microsoft Visual Studio Solution File, Format Version 12.00
# Visual Studio Version 17
VisualStudioVersion = 17.14.36616.10 d17.14
MinimumVisualStudioVersion = 10.0.40219.1
Project("{FAE04EC0-301F-11D3-BF4B-00C04F79EFBC}") = "Wichteln Auslosung", "Wichteln Auslosung\Wichteln Auslosung.csproj", "{D0B852AC-9866-4849-8494-65C8EAEBB41D}"
EndProject
Global
	GlobalSection(SolutionConfigurationPlatforms) = preSolution
		Debug|Any CPU = Debug|Any CPU
		Release|Any CPU = Release|Any CPU
	EndGlobalSection
	GlobalSection(ProjectConfigurationPlatforms) = postSolution
		{D0B852AC-9866-4849-8494-65C8EAEBB41D}.Debug|Any CPU.ActiveCfg = Debug|Any CPU
		{D0B852AC-9866-4849-8494-65C8EAEBB41D}.Debug|Any CPU.Build.0 = Debug|Any CPU
		{D0B852AC-9866-4849-8494-65C8EAEBB41D}.Release|Any CPU.ActiveCfg = Release|Any CPU
		{D0B852AC-9866-4849-8494-65C8EAEBB41D}.Release|Any CPU.Build.0 = Release|Any CPU
	EndGlobalSection
	GlobalSection(SolutionProperties) = preSolution
		HideSolutionNode = FALSE
	EndGlobalSection
	GlobalSection(ExtensibilityGlobals) = postSolution
		SolutionGuid = {5E50A004-DF5C-4C8C-89D8-B1436C125759}
	EndGlobalSection
EndGlobal
